
Microsoft Visual Studio Solution File, Format Version 12.00
# Visual Studio Version 16
VisualStudioVersion = 16.0.30523.141
MinimumVisualStudioVersion = 10.0.40219.1
Project("{9A19103F-16F7-4668-BE54-9A1E7A4F7556}") = "trivia-api", "trivia-api\trivia-api.csproj", "{748CD4BA-7DFB-47C9-9BFE-F6D436E8A6CB}"
EndProject
Project("{9A19103F-16F7-4668-BE54-9A1E7A4F7556}") = "test_trivia_api", "test_trivia_api\test_trivia_api.csproj", "{A14C41F9-8953-41A0-A5EB-B3CB2FD24BCF}"
EndProject
Global
	GlobalSection(SolutionConfigurationPlatforms) = preSolution
		Debug|Any CPU = Debug|Any CPU
		Release|Any CPU = Release|Any CPU
	EndGlobalSection
	GlobalSection(ProjectConfigurationPlatforms) = postSolution
		{748CD4BA-7DFB-47C9-9BFE-F6D436E8A6CB}.Debug|Any CPU.ActiveCfg = Debug|Any CPU
		{748CD4BA-7DFB-47C9-9BFE-F6D436E8A6CB}.Debug|Any CPU.Build.0 = Debug|Any CPU
		{748CD4BA-7DFB-47C9-9BFE-F6D436E8A6CB}.Release|Any CPU.ActiveCfg = Release|Any CPU
		{748CD4BA-7DFB-47C9-9BFE-F6D436E8A6CB}.Release|Any CPU.Build.0 = Release|Any CPU
		{A14C41F9-8953-41A0-A5EB-B3CB2FD24BCF}.Debug|Any CPU.ActiveCfg = Debug|Any CPU
		{A14C41F9-8953-41A0-A5EB-B3CB2FD24BCF}.Debug|Any CPU.Build.0 = Debug|Any CPU
		{A14C41F9-8953-41A0-A5EB-B3CB2FD24BCF}.Release|Any CPU.ActiveCfg = Release|Any CPU
		{A14C41F9-8953-41A0-A5EB-B3CB2FD24BCF}.Release|Any CPU.Build.0 = Release|Any CPU
	EndGlobalSection
	GlobalSection(SolutionProperties) = preSolution
		HideSolutionNode = FALSE
	EndGlobalSection
	GlobalSection(ExtensibilityGlobals) = postSolution
		SolutionGuid = {2007B4CF-2D3E-49EE-9CA7-A42B6E82798D}
	EndGlobalSection
EndGlobal
